// !$*UTF8*$!
{
	archiveVersion = 1;
	classes = {
	};
	objectVersion = 46;
	objects = {

/* Begin PBXBuildFile section */
		E93E90AFCA8BEEB0AE98FA82 /* libPods.a in Frameworks */ = {isa = PBXBuildFile; fileRef = 3044930672FB8BC6F571264A /* libPods.a */; };
		F369D6941AFCB77F004EF41F /* UIScrollView+TwitterCover.m in Sources */ = {isa = PBXBuildFile; fileRef = F369D6931AFCB77F004EF41F /* UIScrollView+TwitterCover.m */; };
		F369D6971AFCB87F004EF41F /* UleScrollView.m in Sources */ = {isa = PBXBuildFile; fileRef = F369D6961AFCB87F004EF41F /* UleScrollView.m */; };
		F369D69A1AFCBEDE004EF41F /* UleSectionHeaderView.m in Sources */ = {isa = PBXBuildFile; fileRef = F369D6991AFCBEDE004EF41F /* UleSectionHeaderView.m */; };
		F369D6A01AFCC10A004EF41F /* avatar.png in Resources */ = {isa = PBXBuildFile; fileRef = F369D69C1AFCC10A004EF41F /* avatar.png */; };
		F369D6A11AFCC10A004EF41F /* Clouds.png in Resources */ = {isa = PBXBuildFile; fileRef = F369D69D1AFCC10A004EF41F /* Clouds.png */; };
		F369D6A21AFCC10A004EF41F /* Clouds@2x.png in Resources */ = {isa = PBXBuildFile; fileRef = F369D69E1AFCC10A004EF41F /* Clouds@2x.png */; };
		F369D6A31AFCC10A004EF41F /* Clouds@3x.png in Resources */ = {isa = PBXBuildFile; fileRef = F369D69F1AFCC10A004EF41F /* Clouds@3x.png */; };
		F37191F41AF1FD0900FAC85A /* header_arrow@2x.png in Resources */ = {isa = PBXBuildFile; fileRef = F37191F31AF1FD0900FAC85A /* header_arrow@2x.png */; };
		F37192031AF1FF5B00FAC85A /* 健康饮食@2x.png in Resources */ = {isa = PBXBuildFile; fileRef = F37191F61AF1FF5B00FAC85A /* 健康饮食@2x.png */; };
		F37192041AF1FF5B00FAC85A /* 减肥瘦身@2x.png in Resources */ = {isa = PBXBuildFile; fileRef = F37191F71AF1FF5B00FAC85A /* 减肥瘦身@2x.png */; };
		F37192051AF1FF5B00FAC85A /* 医疗护理@2x.png in Resources */ = {isa = PBXBuildFile; fileRef = F37191F81AF1FF5B00FAC85A /* 医疗护理@2x.png */; };
		F37192061AF1FF5B00FAC85A /* 四季养生@2x.png in Resources */ = {isa = PBXBuildFile; fileRef = F37191F91AF1FF5B00FAC85A /* 四季养生@2x.png */; };
		F37192071AF1FF5B00FAC85A /* 夫妻情感@2x.png in Resources */ = {isa = PBXBuildFile; fileRef = F37191FA1AF1FF5B00FAC85A /* 夫妻情感@2x.png */; };
		F37192081AF1FF5B00FAC85A /* 女性保养@2x.png in Resources */ = {isa = PBXBuildFile; fileRef = F37191FB1AF1FF5B00FAC85A /* 女性保养@2x.png */; };
		F37192091AF1FF5B00FAC85A /* 孕婴手册@2x.png in Resources */ = {isa = PBXBuildFile; fileRef = F37191FC1AF1FF5B00FAC85A /* 孕婴手册@2x.png */; };
		F371920A1AF1FF5B00FAC85A /* 孩子健康@2x.png in Resources */ = {isa = PBXBuildFile; fileRef = F37191FD1AF1FF5B00FAC85A /* 孩子健康@2x.png */; };
		F371920B1AF1FF5B00FAC85A /* 心里健康@2x.png in Resources */ = {isa = PBXBuildFile; fileRef = F37191FE1AF1FF5B00FAC85A /* 心里健康@2x.png */; };
		F371920C1AF1FF5B00FAC85A /* 男性健康@2x.png in Resources */ = {isa = PBXBuildFile; fileRef = F37191FF1AF1FF5B00FAC85A /* 男性健康@2x.png */; };
		F371920D1AF1FF5B00FAC85A /* 私密生活@2x.png in Resources */ = {isa = PBXBuildFile; fileRef = F37192001AF1FF5B00FAC85A /* 私密生活@2x.png */; };
		F371920E1AF1FF5B00FAC85A /* 老人健康@2x.png in Resources */ = {isa = PBXBuildFile; fileRef = F37192011AF1FF5B00FAC85A /* 老人健康@2x.png */; };
		F371920F1AF1FF5B00FAC85A /* 育儿宝典@2x.png in Resources */ = {isa = PBXBuildFile; fileRef = F37192021AF1FF5B00FAC85A /* 育儿宝典@2x.png */; };
		F37192121AF204BD00FAC85A /* DetailReadViewController.m in Sources */ = {isa = PBXBuildFile; fileRef = F37192111AF204BD00FAC85A /* DetailReadViewController.m */; };
		F37192151AF2329600FAC85A /* FoodListViewController.m in Sources */ = {isa = PBXBuildFile; fileRef = F37192141AF2329600FAC85A /* FoodListViewController.m */; };
		F37192181AF232A800FAC85A /* FoodDetailViewController.m in Sources */ = {isa = PBXBuildFile; fileRef = F37192171AF232A800FAC85A /* FoodDetailViewController.m */; };
		F37A84791AFC948B00BEFD98 /* JRSwizzle.m in Sources */ = {isa = PBXBuildFile; fileRef = F37A84741AFC948B00BEFD98 /* JRSwizzle.m */; };
		F37A847A1AFC948B00BEFD98 /* UIViewController+UleHiddenNavi.m in Sources */ = {isa = PBXBuildFile; fileRef = F37A84761AFC948B00BEFD98 /* UIViewController+UleHiddenNavi.m */; };
		F37A847B1AFC948B00BEFD98 /* UleHiddenForScroller.m in Sources */ = {isa = PBXBuildFile; fileRef = F37A84781AFC948B00BEFD98 /* UleHiddenForScroller.m */; };
		F3A3DE6C1AE09EDE008F92B7 /* main.m in Sources */ = {isa = PBXBuildFile; fileRef = F3A3DE6B1AE09EDE008F92B7 /* main.m */; };
		F3A3DE6F1AE09EDE008F92B7 /* AppDelegate.m in Sources */ = {isa = PBXBuildFile; fileRef = F3A3DE6E1AE09EDE008F92B7 /* AppDelegate.m */; };
		F3A3DE771AE09EDE008F92B7 /* Images.xcassets in Resources */ = {isa = PBXBuildFile; fileRef = F3A3DE761AE09EDE008F92B7 /* Images.xcassets */; };
		F3A3DE9A1AE0A5D4008F92B7 /* Icon.png in Resources */ = {isa = PBXBuildFile; fileRef = F3A3DE961AE0A5D4008F92B7 /* Icon.png */; };
		F3A3DE9B1AE0A5D4008F92B7 /* Icon72.png in Resources */ = {isa = PBXBuildFile; fileRef = F3A3DE971AE0A5D4008F92B7 /* Icon72.png */; };
		F3A3DE9C1AE0A5D4008F92B7 /* Icon@2x.png in Resources */ = {isa = PBXBuildFile; fileRef = F3A3DE981AE0A5D4008F92B7 /* Icon@2x.png */; };
		F3A3DE9D1AE0A5D4008F92B7 /* Icon_120x120.png in Resources */ = {isa = PBXBuildFile; fileRef = F3A3DE991AE0A5D4008F92B7 /* Icon_120x120.png */; };
		F3A3DEB81AE0AB01008F92B7 /* tb_me_highlight@2x.png in Resources */ = {isa = PBXBuildFile; fileRef = F3A3DEB01AE0AB01008F92B7 /* tb_me_highlight@2x.png */; };
		F3A3DEB91AE0AB01008F92B7 /* tb_reader_highlight@2x.png in Resources */ = {isa = PBXBuildFile; fileRef = F3A3DEB11AE0AB01008F92B7 /* tb_reader_highlight@2x.png */; };
		F3A3DEBA1AE0AB01008F92B7 /* tb_found_normal@2x.png in Resources */ = {isa = PBXBuildFile; fileRef = F3A3DEB21AE0AB01008F92B7 /* tb_found_normal@2x.png */; };
		F3A3DEBB1AE0AB01008F92B7 /* tb_reader_normal@2x.png in Resources */ = {isa = PBXBuildFile; fileRef = F3A3DEB31AE0AB01008F92B7 /* tb_reader_normal@2x.png */; };
		F3A3DEBC1AE0AB01008F92B7 /* tb_news_normal@2x.png in Resources */ = {isa = PBXBuildFile; fileRef = F3A3DEB41AE0AB01008F92B7 /* tb_news_normal@2x.png */; };
		F3A3DEBD1AE0AB01008F92B7 /* tb_found_highlight@2x.png in Resources */ = {isa = PBXBuildFile; fileRef = F3A3DEB51AE0AB01008F92B7 /* tb_found_highlight@2x.png */; };
		F3A3DEBE1AE0AB01008F92B7 /* tb_me_normal@2x.png in Resources */ = {isa = PBXBuildFile; fileRef = F3A3DEB61AE0AB01008F92B7 /* tb_me_normal@2x.png */; };
		F3A3DEBF1AE0AB01008F92B7 /* tb_news_highlight@2x.png in Resources */ = {isa = PBXBuildFile; fileRef = F3A3DEB71AE0AB01008F92B7 /* tb_news_highlight@2x.png */; };
		F3A3DEC21AE0B5B1008F92B7 /* BaseViewController.m in Sources */ = {isa = PBXBuildFile; fileRef = F3A3DEC11AE0B5B1008F92B7 /* BaseViewController.m */; };
		F3A3DEDC1AE0B76A008F92B7 /* navi_back@2x.png in Resources */ = {isa = PBXBuildFile; fileRef = F3A3DED41AE0B76A008F92B7 /* navi_back@2x.png */; };
		F3A3DEDD1AE0B76A008F92B7 /* night_bobo_navi_back_highlighted@2x.png in Resources */ = {isa = PBXBuildFile; fileRef = F3A3DED51AE0B76A008F92B7 /* night_bobo_navi_back_highlighted@2x.png */; };
		F3A3DEDE1AE0B76A008F92B7 /* night_navi_back_highlighted@2x.png in Resources */ = {isa = PBXBuildFile; fileRef = F3A3DED61AE0B76A008F92B7 /* night_navi_back_highlighted@2x.png */; };
		F3A3DEDF1AE0B76A008F92B7 /* navi_back_highlighted@2x.png in Resources */ = {isa = PBXBuildFile; fileRef = F3A3DED71AE0B76A008F92B7 /* navi_back_highlighted@2x.png */; };
		F3A3DEE01AE0B76A008F92B7 /* navi_background@2x.png in Resources */ = {isa = PBXBuildFile; fileRef = F3A3DED81AE0B76A008F92B7 /* navi_background@2x.png */; };
		F3A3DEE11AE0B76A008F92B7 /* bobo_navi_back_highlighted@2x.png in Resources */ = {isa = PBXBuildFile; fileRef = F3A3DED91AE0B76A008F92B7 /* bobo_navi_back_highlighted@2x.png */; };
		F3A3DEE21AE0B76A008F92B7 /* navi_background_88@2x.png in Resources */ = {isa = PBXBuildFile; fileRef = F3A3DEDA1AE0B76A008F92B7 /* navi_background_88@2x.png */; };
		F3A3DEE31AE0B76A008F92B7 /* night_navi_back@2x.png in Resources */ = {isa = PBXBuildFile; fileRef = F3A3DEDB1AE0B76A008F92B7 /* night_navi_back@2x.png */; };
		F3A3DEE61AE0D589008F92B7 /* CustomerTabBarVC.m in Sources */ = {isa = PBXBuildFile; fileRef = F3A3DEE51AE0D589008F92B7 /* CustomerTabBarVC.m */; };
		F3A3DEE91AE0D61B008F92B7 /* HomeViewController.m in Sources */ = {isa = PBXBuildFile; fileRef = F3A3DEE81AE0D61B008F92B7 /* HomeViewController.m */; };
		F3A3DEEC1AE0D6D4008F92B7 /* CustomerNaviVC.m in Sources */ = {isa = PBXBuildFile; fileRef = F3A3DEEB1AE0D6D4008F92B7 /* CustomerNaviVC.m */; };
		F3A3DEEF1AE0D8F2008F92B7 /* NNPNavigation.m in Sources */ = {isa = PBXBuildFile; fileRef = F3A3DEEE1AE0D8F2008F92B7 /* NNPNavigation.m */; };
		F3A3DEF11AE0D927008F92B7 /* QuartzCore.framework in Frameworks */ = {isa = PBXBuildFile; fileRef = F3A3DEF01AE0D927008F92B7 /* QuartzCore.framework */; };
		F3A3DEF51AE0D9D8008F92B7 /* Default-568h@2x.png in Resources */ = {isa = PBXBuildFile; fileRef = F3A3DEF21AE0D9D8008F92B7 /* Default-568h@2x.png */; };
		F3A3DEF61AE0D9D8008F92B7 /* Default.png in Resources */ = {isa = PBXBuildFile; fileRef = F3A3DEF31AE0D9D8008F92B7 /* Default.png */; };
		F3A3DEF71AE0D9D8008F92B7 /* Default@2x.png in Resources */ = {isa = PBXBuildFile; fileRef = F3A3DEF41AE0D9D8008F92B7 /* Default@2x.png */; };
		F3A3DEFE1AE0DCEC008F92B7 /* tb_normal_background@2x.png in Resources */ = {isa = PBXBuildFile; fileRef = F3A3DEFC1AE0DCEC008F92B7 /* tb_normal_background@2x.png */; };
		F3A3DEFF1AE0DCEC008F92B7 /* tb_selected_background@2x.png in Resources */ = {isa = PBXBuildFile; fileRef = F3A3DEFD1AE0DCEC008F92B7 /* tb_selected_background@2x.png */; };
		F3A3DF021AE0E197008F92B7 /* ReadViewController.m in Sources */ = {isa = PBXBuildFile; fileRef = F3A3DF011AE0E197008F92B7 /* ReadViewController.m */; };
		F3A3DF051AE0E1A5008F92B7 /* FoodViewController.m in Sources */ = {isa = PBXBuildFile; fileRef = F3A3DF041AE0E1A5008F92B7 /* FoodViewController.m */; };
		F3A3DF081AE0E1B1008F92B7 /* UserViewController.m in Sources */ = {isa = PBXBuildFile; fileRef = F3A3DF071AE0E1B1008F92B7 /* UserViewController.m */; };
		F3A3DF0B1AE0E4D1008F92B7 /* BaseTableViewController.m in Sources */ = {isa = PBXBuildFile; fileRef = F3A3DF0A1AE0E4D1008F92B7 /* BaseTableViewController.m */; };
		F3A3DF0E1AE0ECDC008F92B7 /* RefreshTableView.m in Sources */ = {isa = PBXBuildFile; fileRef = F3A3DF0D1AE0ECDC008F92B7 /* RefreshTableView.m */; };
		F3A3DF111AE0F267008F92B7 /* ULETablePage.m in Sources */ = {isa = PBXBuildFile; fileRef = F3A3DF101AE0F267008F92B7 /* ULETablePage.m */; };
		F3A3DF151AE0FE2C008F92B7 /* AFRequestManager.m in Sources */ = {isa = PBXBuildFile; fileRef = F3A3DF141AE0FE2C008F92B7 /* AFRequestManager.m */; };
		F3A3DF1E1AE102E0008F92B7 /* NSArray+JSON.m in Sources */ = {isa = PBXBuildFile; fileRef = F3A3DF191AE102E0008F92B7 /* NSArray+JSON.m */; settings = {COMPILER_FLAGS = "-fno-objc-arc"; }; };
		F3A3DF1F1AE102E0008F92B7 /* NSDictionary+JSON.m in Sources */ = {isa = PBXBuildFile; fileRef = F3A3DF1B1AE102E0008F92B7 /* NSDictionary+JSON.m */; settings = {COMPILER_FLAGS = "-fno-objc-arc"; }; };
		F3A3DF201AE102E0008F92B7 /* NSObject+JSON.m in Sources */ = {isa = PBXBuildFile; fileRef = F3A3DF1D1AE102E0008F92B7 /* NSObject+JSON.m */; settings = {COMPILER_FLAGS = "-fno-objc-arc"; }; };
		F3A3DF261AE103A4008F92B7 /* AFInterfaceAPIExcute.m in Sources */ = {isa = PBXBuildFile; fileRef = F3A3DF251AE103A4008F92B7 /* AFInterfaceAPIExcute.m */; };
		F3A3DF291AE10441008F92B7 /* BaseResponse.m in Sources */ = {isa = PBXBuildFile; fileRef = F3A3DF281AE10441008F92B7 /* BaseResponse.m */; };
		F3A3DF311AE10E71008F92B7 /* DetailNewsViewController.m in Sources */ = {isa = PBXBuildFile; fileRef = F3A3DF301AE10E71008F92B7 /* DetailNewsViewController.m */; };
		F3A57CEA1AE78018008AA4CB /* HomeCell.m in Sources */ = {isa = PBXBuildFile; fileRef = F3A57CE91AE78018008AA4CB /* HomeCell.m */; };
		F3A57CF01AE7864E008AA4CB /* hc_cell_icon@2x.png in Resources */ = {isa = PBXBuildFile; fileRef = F3A57CEF1AE7864E008AA4CB /* hc_cell_icon@2x.png */; };
		F3A57CF31AE788AD008AA4CB /* UIColor+ColorUtility.m in Sources */ = {isa = PBXBuildFile; fileRef = F3A57CF21AE788AD008AA4CB /* UIColor+ColorUtility.m */; };
		F3AFD64D1AE8D4C700060172 /* refresh_circle@2x.png in Resources */ = {isa = PBXBuildFile; fileRef = F3AFD64B1AE8D4C700060172 /* refresh_circle@2x.png */; };
		F3AFD64E1AE8D4C700060172 /* refresh_sphere@2x.png in Resources */ = {isa = PBXBuildFile; fileRef = F3AFD64C1AE8D4C700060172 /* refresh_sphere@2x.png */; };
		F3AFD6521AE8F98900060172 /* MenuHrizontal.m in Sources */ = {isa = PBXBuildFile; fileRef = F3AFD6511AE8F98900060172 /* MenuHrizontal.m */; };
		F3AFD6571AE8FB5900060172 /* SGFocusImageFrame.m in Sources */ = {isa = PBXBuildFile; fileRef = F3AFD6541AE8FB5900060172 /* SGFocusImageFrame.m */; };
		F3AFD6581AE8FB5900060172 /* SGFocusImageItem.m in Sources */ = {isa = PBXBuildFile; fileRef = F3AFD6561AE8FB5900060172 /* SGFocusImageItem.m */; };
		F3AFD65E1AE8FC2400060172 /* ScrollPageView.m in Sources */ = {isa = PBXBuildFile; fileRef = F3AFD65C1AE8FC2400060172 /* ScrollPageView.m */; };
		F3B114A71AF087BA00E71AEF /* DVSwitch.m in Sources */ = {isa = PBXBuildFile; fileRef = F3B114A61AF087BA00E71AEF /* DVSwitch.m */; };
		F3B114AA1AF0880000E71AEF /* NSString+HXAddtions.m in Sources */ = {isa = PBXBuildFile; fileRef = F3B114A81AF0880000E71AEF /* NSString+HXAddtions.m */; };
		F3B114AC1AF0E28900E71AEF /* cell_dotline@2x.png in Resources */ = {isa = PBXBuildFile; fileRef = F3B114AB1AF0E28900E71AEF /* cell_dotline@2x.png */; };
		F3C2E4AF1AEDDD1200DF848B /* SPTableView.m in Sources */ = {isa = PBXBuildFile; fileRef = F3C2E4AE1AEDDD1200DF848B /* SPTableView.m */; };
		F3C2E4B21AEDE6CD00DF848B /* helight.png in Resources */ = {isa = PBXBuildFile; fileRef = F3C2E4B01AEDE6CD00DF848B /* helight.png */; };
		F3C2E4B31AEDE6CD00DF848B /* normal.png in Resources */ = {isa = PBXBuildFile; fileRef = F3C2E4B11AEDE6CD00DF848B /* normal.png */; };
		F3C2E4B51AEE2A4000DF848B /* NTESAW_banner_default@2x.png in Resources */ = {isa = PBXBuildFile; fileRef = F3C2E4B41AEE2A4000DF848B /* NTESAW_banner_default@2x.png */; };
/* End PBXBuildFile section */

/* Begin PBXFileReference section */
		28A0C76551DBB3C720D61BAD /* Pods.debug.xcconfig */ = {isa = PBXFileReference; includeInIndex = 1; lastKnownFileType = text.xcconfig; name = Pods.debug.xcconfig; path = "Pods/Target Support Files/Pods/Pods.debug.xcconfig"; sourceTree = "<group>"; };
		3044930672FB8BC6F571264A /* libPods.a */ = {isa = PBXFileReference; explicitFileType = archive.ar; includeInIndex = 0; path = libPods.a; sourceTree = BUILT_PRODUCTS_DIR; };
		CBD208970153BFADF14573F5 /* Pods.release.xcconfig */ = {isa = PBXFileReference; includeInIndex = 1; lastKnownFileType = text.xcconfig; name = Pods.release.xcconfig; path = "Pods/Target Support Files/Pods/Pods.release.xcconfig"; sourceTree = "<group>"; };
		F369D6921AFCB77F004EF41F /* UIScrollView+TwitterCover.h */ = {isa = PBXFileReference; fileEncoding = 4; lastKnownFileType = sourcecode.c.h; path = "UIScrollView+TwitterCover.h"; sourceTree = "<group>"; };
		F369D6931AFCB77F004EF41F /* UIScrollView+TwitterCover.m */ = {isa = PBXFileReference; fileEncoding = 4; lastKnownFileType = sourcecode.c.objc; path = "UIScrollView+TwitterCover.m"; sourceTree = "<group>"; };
		F369D6951AFCB87F004EF41F /* UleScrollView.h */ = {isa = PBXFileReference; fileEncoding = 4; lastKnownFileType = sourcecode.c.h; path = UleScrollView.h; sourceTree = "<group>"; };
		F369D6961AFCB87F004EF41F /* UleScrollView.m */ = {isa = PBXFileReference; fileEncoding = 4; lastKnownFileType = sourcecode.c.objc; path = UleScrollView.m; sourceTree = "<group>"; };
		F369D6981AFCBEDE004EF41F /* UleSectionHeaderView.h */ = {isa = PBXFileReference; fileEncoding = 4; lastKnownFileType = sourcecode.c.h; path = UleSectionHeaderView.h; sourceTree = "<group>"; };
		F369D6991AFCBEDE004EF41F /* UleSectionHeaderView.m */ = {isa = PBXFileReference; fileEncoding = 4; lastKnownFileType = sourcecode.c.objc; path = UleSectionHeaderView.m; sourceTree = "<group>"; };
		F369D69C1AFCC10A004EF41F /* avatar.png */ = {isa = PBXFileReference; lastKnownFileType = image.png; path = avatar.png; sourceTree = "<group>"; };
		F369D69D1AFCC10A004EF41F /* Clouds.png */ = {isa = PBXFileReference; lastKnownFileType = image.png; path = Clouds.png; sourceTree = "<group>"; };
		F369D69E1AFCC10A004EF41F /* Clouds@2x.png */ = {isa = PBXFileReference; lastKnownFileType = image.png; path = "Clouds@2x.png"; sourceTree = "<group>"; };
		F369D69F1AFCC10A004EF41F /* Clouds@3x.png */ = {isa = PBXFileReference; lastKnownFileType = image.png; path = "Clouds@3x.png"; sourceTree = "<group>"; };
		F37191F31AF1FD0900FAC85A /* header_arrow@2x.png */ = {isa = PBXFileReference; lastKnownFileType = image.png; path = "header_arrow@2x.png"; sourceTree = "<group>"; };
		F37191F61AF1FF5B00FAC85A /* 健康饮食@2x.png */ = {isa = PBXFileReference; lastKnownFileType = image.png; path = "健康饮食@2x.png"; sourceTree = "<group>"; };
		F37191F71AF1FF5B00FAC85A /* 减肥瘦身@2x.png */ = {isa = PBXFileReference; lastKnownFileType = image.png; path = "减肥瘦身@2x.png"; sourceTree = "<group>"; };
		F37191F81AF1FF5B00FAC85A /* 医疗护理@2x.png */ = {isa = PBXFileReference; lastKnownFileType = image.png; path = "医疗护理@2x.png"; sourceTree = "<group>"; };
		F37191F91AF1FF5B00FAC85A /* 四季养生@2x.png */ = {isa = PBXFileReference; lastKnownFileType = image.png; path = "四季养生@2x.png"; sourceTree = "<group>"; };
		F37191FA1AF1FF5B00FAC85A /* 夫妻情感@2x.png */ = {isa = PBXFileReference; lastKnownFileType = image.png; path = "夫妻情感@2x.png"; sourceTree = "<group>"; };
		F37191FB1AF1FF5B00FAC85A /* 女性保养@2x.png */ = {isa = PBXFileReference; lastKnownFileType = image.png; path = "女性保养@2x.png"; sourceTree = "<group>"; };
		F37191FC1AF1FF5B00FAC85A /* 孕婴手册@2x.png */ = {isa = PBXFileReference; lastKnownFileType = image.png; path = "孕婴手册@2x.png"; sourceTree = "<group>"; };
		F37191FD1AF1FF5B00FAC85A /* 孩子健康@2x.png */ = {isa = PBXFileReference; lastKnownFileType = image.png; path = "孩子健康@2x.png"; sourceTree = "<group>"; };
		F37191FE1AF1FF5B00FAC85A /* 心里健康@2x.png */ = {isa = PBXFileReference; lastKnownFileType = image.png; path = "心里健康@2x.png"; sourceTree = "<group>"; };
		F37191FF1AF1FF5B00FAC85A /* 男性健康@2x.png */ = {isa = PBXFileReference; lastKnownFileType = image.png; path = "男性健康@2x.png"; sourceTree = "<group>"; };
		F37192001AF1FF5B00FAC85A /* 私密生活@2x.png */ = {isa = PBXFileReference; lastKnownFileType = image.png; path = "私密生活@2x.png"; sourceTree = "<group>"; };
		F37192011AF1FF5B00FAC85A /* 老人健康@2x.png */ = {isa = PBXFileReference; lastKnownFileType = image.png; path = "老人健康@2x.png"; sourceTree = "<group>"; };
		F37192021AF1FF5B00FAC85A /* 育儿宝典@2x.png */ = {isa = PBXFileReference; lastKnownFileType = image.png; path = "育儿宝典@2x.png"; sourceTree = "<group>"; };
		F37192101AF204BD00FAC85A /* DetailReadViewController.h */ = {isa = PBXFileReference; fileEncoding = 4; lastKnownFileType = sourcecode.c.h; path = DetailReadViewController.h; sourceTree = "<group>"; };
		F37192111AF204BD00FAC85A /* DetailReadViewController.m */ = {isa = PBXFileReference; fileEncoding = 4; lastKnownFileType = sourcecode.c.objc; path = DetailReadViewController.m; sourceTree = "<group>"; };
		F37192131AF2329600FAC85A /* FoodListViewController.h */ = {isa = PBXFileReference; fileEncoding = 4; lastKnownFileType = sourcecode.c.h; path = FoodListViewController.h; sourceTree = "<group>"; };
		F37192141AF2329600FAC85A /* FoodListViewController.m */ = {isa = PBXFileReference; fileEncoding = 4; lastKnownFileType = sourcecode.c.objc; path = FoodListViewController.m; sourceTree = "<group>"; };
		F37192161AF232A800FAC85A /* FoodDetailViewController.h */ = {isa = PBXFileReference; fileEncoding = 4; lastKnownFileType = sourcecode.c.h; path = FoodDetailViewController.h; sourceTree = "<group>"; };
		F37192171AF232A800FAC85A /* FoodDetailViewController.m */ = {isa = PBXFileReference; fileEncoding = 4; lastKnownFileType = sourcecode.c.objc; path = FoodDetailViewController.m; sourceTree = "<group>"; };
		F37A84731AFC948B00BEFD98 /* JRSwizzle.h */ = {isa = PBXFileReference; fileEncoding = 4; lastKnownFileType = sourcecode.c.h; path = JRSwizzle.h; sourceTree = "<group>"; };
		F37A84741AFC948B00BEFD98 /* JRSwizzle.m */ = {isa = PBXFileReference; fileEncoding = 4; lastKnownFileType = sourcecode.c.objc; path = JRSwizzle.m; sourceTree = "<group>"; };
		F37A84751AFC948B00BEFD98 /* UIViewController+UleHiddenNavi.h */ = {isa = PBXFileReference; fileEncoding = 4; lastKnownFileType = sourcecode.c.h; path = "UIViewController+UleHiddenNavi.h"; sourceTree = "<group>"; };
		F37A84761AFC948B00BEFD98 /* UIViewController+UleHiddenNavi.m */ = {isa = PBXFileReference; fileEncoding = 4; lastKnownFileType = sourcecode.c.objc; path = "UIViewController+UleHiddenNavi.m"; sourceTree = "<group>"; };
		F37A84771AFC948B00BEFD98 /* UleHiddenForScroller.h */ = {isa = PBXFileReference; fileEncoding = 4; lastKnownFileType = sourcecode.c.h; path = UleHiddenForScroller.h; sourceTree = "<group>"; };
		F37A84781AFC948B00BEFD98 /* UleHiddenForScroller.m */ = {isa = PBXFileReference; fileEncoding = 4; lastKnownFileType = sourcecode.c.objc; path = UleHiddenForScroller.m; sourceTree = "<group>"; };
		F3A3DE661AE09EDE008F92B7 /* HealthNews.app */ = {isa = PBXFileReference; explicitFileType = wrapper.application; includeInIndex = 0; path = HealthNews.app; sourceTree = BUILT_PRODUCTS_DIR; };
		F3A3DE6A1AE09EDE008F92B7 /* Info.plist */ = {isa = PBXFileReference; lastKnownFileType = text.plist.xml; path = Info.plist; sourceTree = "<group>"; };
		F3A3DE6B1AE09EDE008F92B7 /* main.m */ = {isa = PBXFileReference; lastKnownFileType = sourcecode.c.objc; path = main.m; sourceTree = "<group>"; };
		F3A3DE6D1AE09EDE008F92B7 /* AppDelegate.h */ = {isa = PBXFileReference; lastKnownFileType = sourcecode.c.h; path = AppDelegate.h; sourceTree = "<group>"; };
		F3A3DE6E1AE09EDE008F92B7 /* AppDelegate.m */ = {isa = PBXFileReference; lastKnownFileType = sourcecode.c.objc; path = AppDelegate.m; sourceTree = "<group>"; };
		F3A3DE761AE09EDE008F92B7 /* Images.xcassets */ = {isa = PBXFileReference; lastKnownFileType = folder.assetcatalog; path = Images.xcassets; sourceTree = "<group>"; };
		F3A3DE961AE0A5D4008F92B7 /* Icon.png */ = {isa = PBXFileReference; lastKnownFileType = image.png; path = Icon.png; sourceTree = "<group>"; };
		F3A3DE971AE0A5D4008F92B7 /* Icon72.png */ = {isa = PBXFileReference; lastKnownFileType = image.png; path = Icon72.png; sourceTree = "<group>"; };
		F3A3DE981AE0A5D4008F92B7 /* Icon@2x.png */ = {isa = PBXFileReference; lastKnownFileType = image.png; path = "Icon@2x.png"; sourceTree = "<group>"; };
		F3A3DE991AE0A5D4008F92B7 /* Icon_120x120.png */ = {isa = PBXFileReference; lastKnownFileType = image.png; path = Icon_120x120.png; sourceTree = "<group>"; };
		F3A3DE9E1AE0A64D008F92B7 /* HealthNews-Prefix.pch */ = {isa = PBXFileReference; fileEncoding = 4; lastKnownFileType = sourcecode.c.h; path = "HealthNews-Prefix.pch"; sourceTree = "<group>"; };
		F3A3DEB01AE0AB01008F92B7 /* tb_me_highlight@2x.png */ = {isa = PBXFileReference; lastKnownFileType = image.png; path = "tb_me_highlight@2x.png"; sourceTree = "<group>"; };
		F3A3DEB11AE0AB01008F92B7 /* tb_reader_highlight@2x.png */ = {isa = PBXFileReference; lastKnownFileType = image.png; path = "tb_reader_highlight@2x.png"; sourceTree = "<group>"; };
		F3A3DEB21AE0AB01008F92B7 /* tb_found_normal@2x.png */ = {isa = PBXFileReference; lastKnownFileType = image.png; path = "tb_found_normal@2x.png"; sourceTree = "<group>"; };
		F3A3DEB31AE0AB01008F92B7 /* tb_reader_normal@2x.png */ = {isa = PBXFileReference; lastKnownFileType = image.png; path = "tb_reader_normal@2x.png"; sourceTree = "<group>"; };
		F3A3DEB41AE0AB01008F92B7 /* tb_news_normal@2x.png */ = {isa = PBXFileReference; lastKnownFileType = image.png; path = "tb_news_normal@2x.png"; sourceTree = "<group>"; };
		F3A3DEB51AE0AB01008F92B7 /* tb_found_highlight@2x.png */ = {isa = PBXFileReference; lastKnownFileType = image.png; path = "tb_found_highlight@2x.png"; sourceTree = "<group>"; };
		F3A3DEB61AE0AB01008F92B7 /* tb_me_normal@2x.png */ = {isa = PBXFileReference; lastKnownFileType = image.png; path = "tb_me_normal@2x.png"; sourceTree = "<group>"; };
		F3A3DEB71AE0AB01008F92B7 /* tb_news_highlight@2x.png */ = {isa = PBXFileReference; lastKnownFileType = image.png; path = "tb_news_highlight@2x.png"; sourceTree = "<group>"; };
		F3A3DEC01AE0B5B1008F92B7 /* BaseViewController.h */ = {isa = PBXFileReference; fileEncoding = 4; lastKnownFileType = sourcecode.c.h; path = BaseViewController.h; sourceTree = "<group>"; };
		F3A3DEC11AE0B5B1008F92B7 /* BaseViewController.m */ = {isa = PBXFileReference; fileEncoding = 4; lastKnownFileType = sourcecode.c.objc; path = BaseViewController.m; sourceTree = "<group>"; };
		F3A3DED41AE0B76A008F92B7 /* navi_back@2x.png */ = {isa = PBXFileReference; lastKnownFileType = image.png; path = "navi_back@2x.png"; sourceTree = "<group>"; };
		F3A3DED51AE0B76A008F92B7 /* night_bobo_navi_back_highlighted@2x.png */ = {isa = PBXFileReference; lastKnownFileType = image.png; path = "night_bobo_navi_back_highlighted@2x.png"; sourceTree = "<group>"; };
		F3A3DED61AE0B76A008F92B7 /* night_navi_back_highlighted@2x.png */ = {isa = PBXFileReference; lastKnownFileType = image.png; path = "night_navi_back_highlighted@2x.png"; sourceTree = "<group>"; };
		F3A3DED71AE0B76A008F92B7 /* navi_back_highlighted@2x.png */ = {isa = PBXFileReference; lastKnownFileType = image.png; path = "navi_back_highlighted@2x.png"; sourceTree = "<group>"; };
		F3A3DED81AE0B76A008F92B7 /* navi_background@2x.png */ = {isa = PBXFileReference; lastKnownFileType = image.png; path = "navi_background@2x.png"; sourceTree = "<group>"; };
		F3A3DED91AE0B76A008F92B7 /* bobo_navi_back_highlighted@2x.png */ = {isa = PBXFileReference; lastKnownFileType = image.png; path = "bobo_navi_back_highlighted@2x.png"; sourceTree = "<group>"; };
		F3A3DEDA1AE0B76A008F92B7 /* navi_background_88@2x.png */ = {isa = PBXFileReference; lastKnownFileType = image.png; path = "navi_background_88@2x.png"; sourceTree = "<group>"; };
		F3A3DEDB1AE0B76A008F92B7 /* night_navi_back@2x.png */ = {isa = PBXFileReference; lastKnownFileType = image.png; path = "night_navi_back@2x.png"; sourceTree = "<group>"; };
		F3A3DEE41AE0D589008F92B7 /* CustomerTabBarVC.h */ = {isa = PBXFileReference; fileEncoding = 4; lastKnownFileType = sourcecode.c.h; path = CustomerTabBarVC.h; sourceTree = "<group>"; };
		F3A3DEE51AE0D589008F92B7 /* CustomerTabBarVC.m */ = {isa = PBXFileReference; fileEncoding = 4; lastKnownFileType = sourcecode.c.objc; path = CustomerTabBarVC.m; sourceTree = "<group>"; };
		F3A3DEE71AE0D61B008F92B7 /* HomeViewController.h */ = {isa = PBXFileReference; fileEncoding = 4; lastKnownFileType = sourcecode.c.h; path = HomeViewController.h; sourceTree = "<group>"; };
		F3A3DEE81AE0D61B008F92B7 /* HomeViewController.m */ = {isa = PBXFileReference; fileEncoding = 4; lastKnownFileType = sourcecode.c.objc; path = HomeViewController.m; sourceTree = "<group>"; };
		F3A3DEEA1AE0D6D4008F92B7 /* CustomerNaviVC.h */ = {isa = PBXFileReference; fileEncoding = 4; lastKnownFileType = sourcecode.c.h; path = CustomerNaviVC.h; sourceTree = "<group>"; };
		F3A3DEEB1AE0D6D4008F92B7 /* CustomerNaviVC.m */ = {isa = PBXFileReference; fileEncoding = 4; lastKnownFileType = sourcecode.c.objc; path = CustomerNaviVC.m; sourceTree = "<group>"; };
		F3A3DEED1AE0D8EC008F92B7 /* NNPNavigation.h */ = {isa = PBXFileReference; fileEncoding = 4; lastKnownFileType = sourcecode.c.h; path = NNPNavigation.h; sourceTree = "<group>"; };
		F3A3DEEE1AE0D8F2008F92B7 /* NNPNavigation.m */ = {isa = PBXFileReference; fileEncoding = 4; lastKnownFileType = sourcecode.c.objc; path = NNPNavigation.m; sourceTree = "<group>"; };
		F3A3DEF01AE0D927008F92B7 /* QuartzCore.framework */ = {isa = PBXFileReference; lastKnownFileType = wrapper.framework; name = QuartzCore.framework; path = System/Library/Frameworks/QuartzCore.framework; sourceTree = SDKROOT; };
		F3A3DEF21AE0D9D8008F92B7 /* Default-568h@2x.png */ = {isa = PBXFileReference; lastKnownFileType = image.png; path = "Default-568h@2x.png"; sourceTree = "<group>"; };
		F3A3DEF31AE0D9D8008F92B7 /* Default.png */ = {isa = PBXFileReference; lastKnownFileType = image.png; path = Default.png; sourceTree = "<group>"; };
		F3A3DEF41AE0D9D8008F92B7 /* Default@2x.png */ = {isa = PBXFileReference; lastKnownFileType = image.png; path = "Default@2x.png"; sourceTree = "<group>"; };
		F3A3DEFC1AE0DCEC008F92B7 /* tb_normal_background@2x.png */ = {isa = PBXFileReference; lastKnownFileType = image.png; path = "tb_normal_background@2x.png"; sourceTree = "<group>"; };
		F3A3DEFD1AE0DCEC008F92B7 /* tb_selected_background@2x.png */ = {isa = PBXFileReference; lastKnownFileType = image.png; path = "tb_selected_background@2x.png"; sourceTree = "<group>"; };
		F3A3DF001AE0E197008F92B7 /* ReadViewController.h */ = {isa = PBXFileReference; fileEncoding = 4; lastKnownFileType = sourcecode.c.h; path = ReadViewController.h; sourceTree = "<group>"; };
		F3A3DF011AE0E197008F92B7 /* ReadViewController.m */ = {isa = PBXFileReference; fileEncoding = 4; lastKnownFileType = sourcecode.c.objc; path = ReadViewController.m; sourceTree = "<group>"; };
		F3A3DF031AE0E1A4008F92B7 /* FoodViewController.h */ = {isa = PBXFileReference; fileEncoding = 4; lastKnownFileType = sourcecode.c.h; path = FoodViewController.h; sourceTree = "<group>"; };
		F3A3DF041AE0E1A5008F92B7 /* FoodViewController.m */ = {isa = PBXFileReference; fileEncoding = 4; lastKnownFileType = sourcecode.c.objc; path = FoodViewController.m; sourceTree = "<group>"; };
		F3A3DF061AE0E1B1008F92B7 /* UserViewController.h */ = {isa = PBXFileReference; fileEncoding = 4; lastKnownFileType = sourcecode.c.h; path = UserViewController.h; sourceTree = "<group>"; };
		F3A3DF071AE0E1B1008F92B7 /* UserViewController.m */ = {isa = PBXFileReference; fileEncoding = 4; lastKnownFileType = sourcecode.c.objc; path = UserViewController.m; sourceTree = "<group>"; };
		F3A3DF091AE0E4D1008F92B7 /* BaseTableViewController.h */ = {isa = PBXFileReference; fileEncoding = 4; lastKnownFileType = sourcecode.c.h; path = BaseTableViewController.h; sourceTree = "<group>"; };
		F3A3DF0A1AE0E4D1008F92B7 /* BaseTableViewController.m */ = {isa = PBXFileReference; fileEncoding = 4; lastKnownFileType = sourcecode.c.objc; path = BaseTableViewController.m; sourceTree = "<group>"; };
		F3A3DF0C1AE0ECDC008F92B7 /* RefreshTableView.h */ = {isa = PBXFileReference; fileEncoding = 4; lastKnownFileType = sourcecode.c.h; path = RefreshTableView.h; sourceTree = "<group>"; };
		F3A3DF0D1AE0ECDC008F92B7 /* RefreshTableView.m */ = {isa = PBXFileReference; fileEncoding = 4; lastKnownFileType = sourcecode.c.objc; path = RefreshTableView.m; sourceTree = "<group>"; };
		F3A3DF0F1AE0F262008F92B7 /* ULETablePage.h */ = {isa = PBXFileReference; fileEncoding = 4; lastKnownFileType = sourcecode.c.h; path = ULETablePage.h; sourceTree = "<group>"; };
		F3A3DF101AE0F267008F92B7 /* ULETablePage.m */ = {isa = PBXFileReference; fileEncoding = 4; lastKnownFileType = sourcecode.c.objc; path = ULETablePage.m; sourceTree = "<group>"; };
		F3A3DF121AE0F406008F92B7 /* HNHeaderFile.h */ = {isa = PBXFileReference; fileEncoding = 4; lastKnownFileType = sourcecode.c.h; path = HNHeaderFile.h; sourceTree = "<group>"; };
		F3A3DF131AE0FE2C008F92B7 /* AFRequestManager.h */ = {isa = PBXFileReference; fileEncoding = 4; lastKnownFileType = sourcecode.c.h; path = AFRequestManager.h; sourceTree = "<group>"; };
		F3A3DF141AE0FE2C008F92B7 /* AFRequestManager.m */ = {isa = PBXFileReference; fileEncoding = 4; lastKnownFileType = sourcecode.c.objc; path = AFRequestManager.m; sourceTree = "<group>"; };
		F3A3DF181AE102E0008F92B7 /* NSArray+JSON.h */ = {isa = PBXFileReference; fileEncoding = 4; lastKnownFileType = sourcecode.c.h; path = "NSArray+JSON.h"; sourceTree = "<group>"; };
		F3A3DF191AE102E0008F92B7 /* NSArray+JSON.m */ = {isa = PBXFileReference; fileEncoding = 4; lastKnownFileType = sourcecode.c.objc; path = "NSArray+JSON.m"; sourceTree = "<group>"; };
		F3A3DF1A1AE102E0008F92B7 /* NSDictionary+JSON.h */ = {isa = PBXFileReference; fileEncoding = 4; lastKnownFileType = sourcecode.c.h; path = "NSDictionary+JSON.h"; sourceTree = "<group>"; };
		F3A3DF1B1AE102E0008F92B7 /* NSDictionary+JSON.m */ = {isa = PBXFileReference; fileEncoding = 4; lastKnownFileType = sourcecode.c.objc; path = "NSDictionary+JSON.m"; sourceTree = "<group>"; };
		F3A3DF1C1AE102E0008F92B7 /* NSObject+JSON.h */ = {isa = PBXFileReference; fileEncoding = 4; lastKnownFileType = sourcecode.c.h; path = "NSObject+JSON.h"; sourceTree = "<group>"; };
		F3A3DF1D1AE102E0008F92B7 /* NSObject+JSON.m */ = {isa = PBXFileReference; fileEncoding = 4; lastKnownFileType = sourcecode.c.objc; path = "NSObject+JSON.m"; sourceTree = "<group>"; };
		F3A3DF241AE103A4008F92B7 /* AFInterfaceAPIExcute.h */ = {isa = PBXFileReference; fileEncoding = 4; lastKnownFileType = sourcecode.c.h; path = AFInterfaceAPIExcute.h; sourceTree = "<group>"; };
		F3A3DF251AE103A4008F92B7 /* AFInterfaceAPIExcute.m */ = {isa = PBXFileReference; fileEncoding = 4; lastKnownFileType = sourcecode.c.objc; path = AFInterfaceAPIExcute.m; sourceTree = "<group>"; };
		F3A3DF271AE10441008F92B7 /* BaseResponse.h */ = {isa = PBXFileReference; fileEncoding = 4; lastKnownFileType = sourcecode.c.h; path = BaseResponse.h; sourceTree = "<group>"; };
		F3A3DF281AE10441008F92B7 /* BaseResponse.m */ = {isa = PBXFileReference; fileEncoding = 4; lastKnownFileType = sourcecode.c.objc; path = BaseResponse.m; sourceTree = "<group>"; };
		F3A3DF2A1AE10700008F92B7 /* API_Header.h */ = {isa = PBXFileReference; fileEncoding = 4; lastKnownFileType = sourcecode.c.h; path = API_Header.h; sourceTree = "<group>"; };
		F3A3DF2F1AE10E71008F92B7 /* DetailNewsViewController.h */ = {isa = PBXFileReference; fileEncoding = 4; lastKnownFileType = sourcecode.c.h; path = DetailNewsViewController.h; sourceTree = "<group>"; };
		F3A3DF301AE10E71008F92B7 /* DetailNewsViewController.m */ = {isa = PBXFileReference; fileEncoding = 4; lastKnownFileType = sourcecode.c.objc; path = DetailNewsViewController.m; sourceTree = "<group>"; };
		F3A57CE81AE78018008AA4CB /* HomeCell.h */ = {isa = PBXFileReference; fileEncoding = 4; lastKnownFileType = sourcecode.c.h; path = HomeCell.h; sourceTree = "<group>"; };
		F3A57CE91AE78018008AA4CB /* HomeCell.m */ = {isa = PBXFileReference; fileEncoding = 4; lastKnownFileType = sourcecode.c.objc; path = HomeCell.m; sourceTree = "<group>"; };
		F3A57CEF1AE7864E008AA4CB /* hc_cell_icon@2x.png */ = {isa = PBXFileReference; lastKnownFileType = image.png; path = "hc_cell_icon@2x.png"; sourceTree = "<group>"; };
		F3A57CF11AE788AD008AA4CB /* UIColor+ColorUtility.h */ = {isa = PBXFileReference; fileEncoding = 4; lastKnownFileType = sourcecode.c.h; path = "UIColor+ColorUtility.h"; sourceTree = "<group>"; };
		F3A57CF21AE788AD008AA4CB /* UIColor+ColorUtility.m */ = {isa = PBXFileReference; fileEncoding = 4; lastKnownFileType = sourcecode.c.objc; path = "UIColor+ColorUtility.m"; sourceTree = "<group>"; };
		F3AFD64B1AE8D4C700060172 /* refresh_circle@2x.png */ = {isa = PBXFileReference; lastKnownFileType = image.png; path = "refresh_circle@2x.png"; sourceTree = "<group>"; };
		F3AFD64C1AE8D4C700060172 /* refresh_sphere@2x.png */ = {isa = PBXFileReference; lastKnownFileType = image.png; path = "refresh_sphere@2x.png"; sourceTree = "<group>"; };
		F3AFD6501AE8F98900060172 /* MenuHrizontal.h */ = {isa = PBXFileReference; fileEncoding = 4; lastKnownFileType = sourcecode.c.h; path = MenuHrizontal.h; sourceTree = "<group>"; };
		F3AFD6511AE8F98900060172 /* MenuHrizontal.m */ = {isa = PBXFileReference; fileEncoding = 4; lastKnownFileType = sourcecode.c.objc; path = MenuHrizontal.m; sourceTree = "<group>"; };
		F3AFD6531AE8FB5900060172 /* SGFocusImageFrame.h */ = {isa = PBXFileReference; fileEncoding = 4; lastKnownFileType = sourcecode.c.h; path = SGFocusImageFrame.h; sourceTree = "<group>"; };
		F3AFD6541AE8FB5900060172 /* SGFocusImageFrame.m */ = {isa = PBXFileReference; fileEncoding = 4; lastKnownFileType = sourcecode.c.objc; path = SGFocusImageFrame.m; sourceTree = "<group>"; };
		F3AFD6551AE8FB5900060172 /* SGFocusImageItem.h */ = {isa = PBXFileReference; fileEncoding = 4; lastKnownFileType = sourcecode.c.h; path = SGFocusImageItem.h; sourceTree = "<group>"; };
		F3AFD6561AE8FB5900060172 /* SGFocusImageItem.m */ = {isa = PBXFileReference; fileEncoding = 4; lastKnownFileType = sourcecode.c.objc; path = SGFocusImageItem.m; sourceTree = "<group>"; };
		F3AFD65B1AE8FC2400060172 /* ScrollPageView.h */ = {isa = PBXFileReference; fileEncoding = 4; lastKnownFileType = sourcecode.c.h; path = ScrollPageView.h; sourceTree = "<group>"; };
		F3AFD65C1AE8FC2400060172 /* ScrollPageView.m */ = {isa = PBXFileReference; fileEncoding = 4; lastKnownFileType = sourcecode.c.objc; path = ScrollPageView.m; sourceTree = "<group>"; };
		F3B114A51AF087BA00E71AEF /* DVSwitch.h */ = {isa = PBXFileReference; fileEncoding = 4; lastKnownFileType = sourcecode.c.h; path = DVSwitch.h; sourceTree = "<group>"; };
		F3B114A61AF087BA00E71AEF /* DVSwitch.m */ = {isa = PBXFileReference; fileEncoding = 4; lastKnownFileType = sourcecode.c.objc; path = DVSwitch.m; sourceTree = "<group>"; };
		F3B114A81AF0880000E71AEF /* NSString+HXAddtions.m */ = {isa = PBXFileReference; fileEncoding = 4; lastKnownFileType = sourcecode.c.objc; path = "NSString+HXAddtions.m"; sourceTree = "<group>"; };
		F3B114A91AF0880000E71AEF /* NSString+HXAddtions.h */ = {isa = PBXFileReference; fileEncoding = 4; lastKnownFileType = sourcecode.c.h; path = "NSString+HXAddtions.h"; sourceTree = "<group>"; };
		F3B114AB1AF0E28900E71AEF /* cell_dotline@2x.png */ = {isa = PBXFileReference; lastKnownFileType = image.png; path = "cell_dotline@2x.png"; sourceTree = "<group>"; };
		F3C2E4AD1AEDDD1200DF848B /* SPTableView.h */ = {isa = PBXFileReference; fileEncoding = 4; lastKnownFileType = sourcecode.c.h; path = SPTableView.h; sourceTree = "<group>"; };
		F3C2E4AE1AEDDD1200DF848B /* SPTableView.m */ = {isa = PBXFileReference; fileEncoding = 4; lastKnownFileType = sourcecode.c.objc; path = SPTableView.m; sourceTree = "<group>"; };
		F3C2E4B01AEDE6CD00DF848B /* helight.png */ = {isa = PBXFileReference; lastKnownFileType = image.png; path = helight.png; sourceTree = "<group>"; };
		F3C2E4B11AEDE6CD00DF848B /* normal.png */ = {isa = PBXFileReference; lastKnownFileType = image.png; path = normal.png; sourceTree = "<group>"; };
		F3C2E4B41AEE2A4000DF848B /* NTESAW_banner_default@2x.png */ = {isa = PBXFileReference; lastKnownFileType = image.png; path = "NTESAW_banner_default@2x.png"; sourceTree = "<group>"; };
/* End PBXFileReference section */

/* Begin PBXFrameworksBuildPhase section */
		F3A3DE631AE09EDE008F92B7 /* Frameworks */ = {
			isa = PBXFrameworksBuildPhase;
			buildActionMask = 2147483647;
			files = (
				F3A3DEF11AE0D927008F92B7 /* QuartzCore.framework in Frameworks */,
				E93E90AFCA8BEEB0AE98FA82 /* libPods.a in Frameworks */,
			);
			runOnlyForDeploymentPostprocessing = 0;
		};
/* End PBXFrameworksBuildPhase section */

/* Begin PBXGroup section */
		9634264008DCB3BB3430AA2F /* Pods */ = {
			isa = PBXGroup;
			children = (
				28A0C76551DBB3C720D61BAD /* Pods.debug.xcconfig */,
				CBD208970153BFADF14573F5 /* Pods.release.xcconfig */,
			);
			name = Pods;
			sourceTree = "<group>";
		};
		DD04B6745EE84FDD6E23119A /* Frameworks */ = {
			isa = PBXGroup;
			children = (
				F3A3DEF01AE0D927008F92B7 /* QuartzCore.framework */,
				3044930672FB8BC6F571264A /* libPods.a */,
			);
			name = Frameworks;
			sourceTree = "<group>";
		};
		F369D6901AFCB778004EF41F /* UleScrollTopView */ = {
			isa = PBXGroup;
			children = (
				F369D6911AFCB77F004EF41F /* TwitterCover */,
				F369D6951AFCB87F004EF41F /* UleScrollView.h */,
				F369D6961AFCB87F004EF41F /* UleScrollView.m */,
			);
			path = UleScrollTopView;
			sourceTree = "<group>";
		};
		F369D6911AFCB77F004EF41F /* TwitterCover */ = {
			isa = PBXGroup;
			children = (
				F369D6921AFCB77F004EF41F /* UIScrollView+TwitterCover.h */,
				F369D6931AFCB77F004EF41F /* UIScrollView+TwitterCover.m */,
			);
			path = TwitterCover;
			sourceTree = "<group>";
		};
		F369D69B1AFCC10A004EF41F /* user */ = {
			isa = PBXGroup;
			children = (
				F369D69C1AFCC10A004EF41F /* avatar.png */,
				F369D69D1AFCC10A004EF41F /* Clouds.png */,
				F369D69E1AFCC10A004EF41F /* Clouds@2x.png */,
				F369D69F1AFCC10A004EF41F /* Clouds@3x.png */,
			);
			path = user;
			sourceTree = "<group>";
		};
		F37191F51AF1FF5B00FAC85A /* type_image */ = {
			isa = PBXGroup;
			children = (
				F37191F61AF1FF5B00FAC85A /* 健康饮食@2x.png */,
				F37191F71AF1FF5B00FAC85A /* 减肥瘦身@2x.png */,
				F37191F81AF1FF5B00FAC85A /* 医疗护理@2x.png */,
				F37191F91AF1FF5B00FAC85A /* 四季养生@2x.png */,
				F37191FA1AF1FF5B00FAC85A /* 夫妻情感@2x.png */,
				F37191FB1AF1FF5B00FAC85A /* 女性保养@2x.png */,
				F37191FC1AF1FF5B00FAC85A /* 孕婴手册@2x.png */,
				F37191FD1AF1FF5B00FAC85A /* 孩子健康@2x.png */,
				F37191FE1AF1FF5B00FAC85A /* 心里健康@2x.png */,
				F37191FF1AF1FF5B00FAC85A /* 男性健康@2x.png */,
				F37192001AF1FF5B00FAC85A /* 私密生活@2x.png */,
				F37192011AF1FF5B00FAC85A /* 老人健康@2x.png */,
				F37192021AF1FF5B00FAC85A /* 育儿宝典@2x.png */,
			);
			path = type_image;
			sourceTree = "<group>";
		};
		F37A84711AFC948B00BEFD98 /* UleHiddenNavigtionBar */ = {
			isa = PBXGroup;
			children = (
				F37A84721AFC948B00BEFD98 /* JRSwizzle */,
				F37A84751AFC948B00BEFD98 /* UIViewController+UleHiddenNavi.h */,
				F37A84761AFC948B00BEFD98 /* UIViewController+UleHiddenNavi.m */,
				F37A84771AFC948B00BEFD98 /* UleHiddenForScroller.h */,
				F37A84781AFC948B00BEFD98 /* UleHiddenForScroller.m */,
			);
			path = UleHiddenNavigtionBar;
			sourceTree = "<group>";
		};
		F37A84721AFC948B00BEFD98 /* JRSwizzle */ = {
			isa = PBXGroup;
			children = (
				F37A84731AFC948B00BEFD98 /* JRSwizzle.h */,
				F37A84741AFC948B00BEFD98 /* JRSwizzle.m */,
			);
			path = JRSwizzle;
			sourceTree = "<group>";
		};
		F3A3DE5D1AE09EDE008F92B7 = {
			isa = PBXGroup;
			children = (
				F3A3DE681AE09EDE008F92B7 /* HealthNews */,
				F3A3DE671AE09EDE008F92B7 /* Products */,
				9634264008DCB3BB3430AA2F /* Pods */,
				DD04B6745EE84FDD6E23119A /* Frameworks */,
			);
			sourceTree = "<group>";
		};
		F3A3DE671AE09EDE008F92B7 /* Products */ = {
			isa = PBXGroup;
			children = (
				F3A3DE661AE09EDE008F92B7 /* HealthNews.app */,
			);
			name = Products;
			sourceTree = "<group>";
		};
		F3A3DE681AE09EDE008F92B7 /* HealthNews */ = {
			isa = PBXGroup;
			children = (
				F3A3DF161AE102E0008F92B7 /* ThirdPart */,
				F3A3DE941AE0A29A008F92B7 /* ViewControllers */,
				F3A3DE931AE0A285008F92B7 /* Common */,
				F3A3DE921AE0A265008F92B7 /* Resources */,
				F3A3DE6D1AE09EDE008F92B7 /* AppDelegate.h */,
				F3A3DE6E1AE09EDE008F92B7 /* AppDelegate.m */,
				F3A3DE761AE09EDE008F92B7 /* Images.xcassets */,
				F3A3DE691AE09EDE008F92B7 /* Supporting Files */,
			);
			path = HealthNews;
			sourceTree = "<group>";
		};
		F3A3DE691AE09EDE008F92B7 /* Supporting Files */ = {
			isa = PBXGroup;
			children = (
				F3A3DE6A1AE09EDE008F92B7 /* Info.plist */,
				F3A3DE6B1AE09EDE008F92B7 /* main.m */,
				F3A3DE9E1AE0A64D008F92B7 /* HealthNews-Prefix.pch */,
			);
			name = "Supporting Files";
			sourceTree = "<group>";
		};
		F3A3DE921AE0A265008F92B7 /* Resources */ = {
			isa = PBXGroup;
			children = (
				F369D69B1AFCC10A004EF41F /* user */,
				F37191F51AF1FF5B00FAC85A /* type_image */,
				F37191F31AF1FD0900FAC85A /* header_arrow@2x.png */,
				F3B114AB1AF0E28900E71AEF /* cell_dotline@2x.png */,
				F3AFD64A1AE8D4C600060172 /* refresh */,
				F3A57CEE1AE7864E008AA4CB /* homevc */,
				F3A3DEC31AE0B616008F92B7 /* navigation */,
				F3A3DE9F1AE0AA87008F92B7 /* tabbar */,
				F3A3DE951AE0A5D4008F92B7 /* icon */,
			);
			path = Resources;
			sourceTree = "<group>";
		};
		F3A3DE931AE0A285008F92B7 /* Common */ = {
			isa = PBXGroup;
			children = (
				F3B114A81AF0880000E71AEF /* NSString+HXAddtions.m */,
				F3B114A91AF0880000E71AEF /* NSString+HXAddtions.h */,
				F3A57CF11AE788AD008AA4CB /* UIColor+ColorUtility.h */,
				F3A57CF21AE788AD008AA4CB /* UIColor+ColorUtility.m */,
			);
			path = Common;
			sourceTree = "<group>";
		};
		F3A3DE941AE0A29A008F92B7 /* ViewControllers */ = {
			isa = PBXGroup;
			children = (
				F3A3DF121AE0F406008F92B7 /* HNHeaderFile.h */,
				F3A3DEED1AE0D8EC008F92B7 /* NNPNavigation.h */,
				F3A3DEEE1AE0D8F2008F92B7 /* NNPNavigation.m */,
				F3A3DEEA1AE0D6D4008F92B7 /* CustomerNaviVC.h */,
				F3A3DEEB1AE0D6D4008F92B7 /* CustomerNaviVC.m */,
				F3A3DEE41AE0D589008F92B7 /* CustomerTabBarVC.h */,
				F3A3DEE51AE0D589008F92B7 /* CustomerTabBarVC.m */,
				F3A3DEC01AE0B5B1008F92B7 /* BaseViewController.h */,
				F3A3DEC11AE0B5B1008F92B7 /* BaseViewController.m */,
				F3A3DF0C1AE0ECDC008F92B7 /* RefreshTableView.h */,
				F3A3DF0D1AE0ECDC008F92B7 /* RefreshTableView.m */,
				F3A3DF0F1AE0F262008F92B7 /* ULETablePage.h */,
				F3A3DF101AE0F267008F92B7 /* ULETablePage.m */,
				F3A3DF2A1AE10700008F92B7 /* API_Header.h */,
				F3A3DF131AE0FE2C008F92B7 /* AFRequestManager.h */,
				F3A3DF141AE0FE2C008F92B7 /* AFRequestManager.m */,
				F3A3DF241AE103A4008F92B7 /* AFInterfaceAPIExcute.h */,
				F3A3DF251AE103A4008F92B7 /* AFInterfaceAPIExcute.m */,
				F3A3DF271AE10441008F92B7 /* BaseResponse.h */,
				F3A3DF281AE10441008F92B7 /* BaseResponse.m */,
				F3A3DF091AE0E4D1008F92B7 /* BaseTableViewController.h */,
				F3A3DF0A1AE0E4D1008F92B7 /* BaseTableViewController.m */,
				F3A3DEE71AE0D61B008F92B7 /* HomeViewController.h */,
				F3A3DEE81AE0D61B008F92B7 /* HomeViewController.m */,
				F3A57CE81AE78018008AA4CB /* HomeCell.h */,
				F3A57CE91AE78018008AA4CB /* HomeCell.m */,
				F3A3DF2F1AE10E71008F92B7 /* DetailNewsViewController.h */,
				F3A3DF301AE10E71008F92B7 /* DetailNewsViewController.m */,
				F3A3DF001AE0E197008F92B7 /* ReadViewController.h */,
				F3A3DF011AE0E197008F92B7 /* ReadViewController.m */,
				F37192101AF204BD00FAC85A /* DetailReadViewController.h */,
				F37192111AF204BD00FAC85A /* DetailReadViewController.m */,
				F3A3DF031AE0E1A4008F92B7 /* FoodViewController.h */,
				F3A3DF041AE0E1A5008F92B7 /* FoodViewController.m */,
				F37192131AF2329600FAC85A /* FoodListViewController.h */,
				F37192141AF2329600FAC85A /* FoodListViewController.m */,
				F37192161AF232A800FAC85A /* FoodDetailViewController.h */,
				F37192171AF232A800FAC85A /* FoodDetailViewController.m */,
				F3A3DF061AE0E1B1008F92B7 /* UserViewController.h */,
				F3A3DF071AE0E1B1008F92B7 /* UserViewController.m */,
				F369D6981AFCBEDE004EF41F /* UleSectionHeaderView.h */,
				F369D6991AFCBEDE004EF41F /* UleSectionHeaderView.m */,
			);
			path = ViewControllers;
			sourceTree = "<group>";
		};
		F3A3DE951AE0A5D4008F92B7 /* icon */ = {
			isa = PBXGroup;
			children = (
				F3A3DEF21AE0D9D8008F92B7 /* Default-568h@2x.png */,
				F3A3DEF31AE0D9D8008F92B7 /* Default.png */,
				F3A3DEF41AE0D9D8008F92B7 /* Default@2x.png */,
				F3A3DE961AE0A5D4008F92B7 /* Icon.png */,
				F3A3DE971AE0A5D4008F92B7 /* Icon72.png */,
				F3A3DE981AE0A5D4008F92B7 /* Icon@2x.png */,
				F3A3DE991AE0A5D4008F92B7 /* Icon_120x120.png */,
			);
			path = icon;
			sourceTree = "<group>";
		};
		F3A3DE9F1AE0AA87008F92B7 /* tabbar */ = {
			isa = PBXGroup;
			children = (
				F3A3DEFC1AE0DCEC008F92B7 /* tb_normal_background@2x.png */,
				F3A3DEFD1AE0DCEC008F92B7 /* tb_selected_background@2x.png */,
				F3A3DEB01AE0AB01008F92B7 /* tb_me_highlight@2x.png */,
				F3A3DEB11AE0AB01008F92B7 /* tb_reader_highlight@2x.png */,
				F3A3DEB21AE0AB01008F92B7 /* tb_found_normal@2x.png */,
				F3A3DEB31AE0AB01008F92B7 /* tb_reader_normal@2x.png */,
				F3A3DEB41AE0AB01008F92B7 /* tb_news_normal@2x.png */,
				F3A3DEB51AE0AB01008F92B7 /* tb_found_highlight@2x.png */,
				F3A3DEB61AE0AB01008F92B7 /* tb_me_normal@2x.png */,
				F3A3DEB71AE0AB01008F92B7 /* tb_news_highlight@2x.png */,
			);
			path = tabbar;
			sourceTree = "<group>";
		};
		F3A3DEC31AE0B616008F92B7 /* navigation */ = {
			isa = PBXGroup;
			children = (
				F3A3DED41AE0B76A008F92B7 /* navi_back@2x.png */,
				F3A3DED51AE0B76A008F92B7 /* night_bobo_navi_back_highlighted@2x.png */,
				F3A3DED61AE0B76A008F92B7 /* night_navi_back_highlighted@2x.png */,
				F3A3DED71AE0B76A008F92B7 /* navi_back_highlighted@2x.png */,
				F3A3DED81AE0B76A008F92B7 /* navi_background@2x.png */,
				F3A3DED91AE0B76A008F92B7 /* bobo_navi_back_highlighted@2x.png */,
				F3A3DEDA1AE0B76A008F92B7 /* navi_background_88@2x.png */,
				F3A3DEDB1AE0B76A008F92B7 /* night_navi_back@2x.png */,
			);
			path = navigation;
			sourceTree = "<group>";
		};
		F3A3DF161AE102E0008F92B7 /* ThirdPart */ = {
			isa = PBXGroup;
			children = (
				F369D6901AFCB778004EF41F /* UleScrollTopView */,
				F37A84711AFC948B00BEFD98 /* UleHiddenNavigtionBar */,
				F3B114A41AF087BA00E71AEF /* DVSwitch */,
				F3AFD64F1AE8F97C00060172 /* HNScrollView */,
				F3A3DF171AE102E0008F92B7 /* JsonExtend */,
			);
			path = ThirdPart;
			sourceTree = "<group>";
		};
		F3A3DF171AE102E0008F92B7 /* JsonExtend */ = {
			isa = PBXGroup;
			children = (
				F3A3DF181AE102E0008F92B7 /* NSArray+JSON.h */,
				F3A3DF191AE102E0008F92B7 /* NSArray+JSON.m */,
				F3A3DF1A1AE102E0008F92B7 /* NSDictionary+JSON.h */,
				F3A3DF1B1AE102E0008F92B7 /* NSDictionary+JSON.m */,
				F3A3DF1C1AE102E0008F92B7 /* NSObject+JSON.h */,
				F3A3DF1D1AE102E0008F92B7 /* NSObject+JSON.m */,
			);
			path = JsonExtend;
			sourceTree = "<group>";
		};
		F3A57CEE1AE7864E008AA4CB /* homevc */ = {
			isa = PBXGroup;
			children = (
				F3A57CEF1AE7864E008AA4CB /* hc_cell_icon@2x.png */,
			);
			path = homevc;
			sourceTree = "<group>";
		};
		F3AFD64A1AE8D4C600060172 /* refresh */ = {
			isa = PBXGroup;
			children = (
				F3AFD64B1AE8D4C700060172 /* refresh_circle@2x.png */,
				F3AFD64C1AE8D4C700060172 /* refresh_sphere@2x.png */,
			);
			path = refresh;
			sourceTree = "<group>";
		};
		F3AFD64F1AE8F97C00060172 /* HNScrollView */ = {
			isa = PBXGroup;
			children = (
				F3C2E4B41AEE2A4000DF848B /* NTESAW_banner_default@2x.png */,
				F3C2E4B01AEDE6CD00DF848B /* helight.png */,
				F3C2E4B11AEDE6CD00DF848B /* normal.png */,
				F3AFD6501AE8F98900060172 /* MenuHrizontal.h */,
				F3AFD6511AE8F98900060172 /* MenuHrizontal.m */,
				F3AFD6531AE8FB5900060172 /* SGFocusImageFrame.h */,
				F3AFD6541AE8FB5900060172 /* SGFocusImageFrame.m */,
				F3AFD6551AE8FB5900060172 /* SGFocusImageItem.h */,
				F3AFD6561AE8FB5900060172 /* SGFocusImageItem.m */,
				F3AFD65B1AE8FC2400060172 /* ScrollPageView.h */,
				F3AFD65C1AE8FC2400060172 /* ScrollPageView.m */,
				F3C2E4AD1AEDDD1200DF848B /* SPTableView.h */,
				F3C2E4AE1AEDDD1200DF848B /* SPTableView.m */,
			);
			path = HNScrollView;
			sourceTree = "<group>";
		};
		F3B114A41AF087BA00E71AEF /* DVSwitch */ = {
			isa = PBXGroup;
			children = (
				F3B114A51AF087BA00E71AEF /* DVSwitch.h */,
				F3B114A61AF087BA00E71AEF /* DVSwitch.m */,
			);
			path = DVSwitch;
			sourceTree = "<group>";
		};
/* End PBXGroup section */

/* Begin PBXNativeTarget section */
		F3A3DE651AE09EDE008F92B7 /* HealthNews */ = {
			isa = PBXNativeTarget;
			buildConfigurationList = F3A3DE891AE09EDE008F92B7 /* Build configuration list for PBXNativeTarget "HealthNews" */;
			buildPhases = (
				E5C16B826447AB440A5B2C88 /* Check Pods Manifest.lock */,
				F3A3DE621AE09EDE008F92B7 /* Sources */,
				F3A3DE631AE09EDE008F92B7 /* Frameworks */,
				F3A3DE641AE09EDE008F92B7 /* Resources */,
				5D1677B0804794B10343C9D1 /* Copy Pods Resources */,
			);
			buildRules = (
			);
			dependencies = (
			);
			name = HealthNews;
			productName = HealthNews;
			productReference = F3A3DE661AE09EDE008F92B7 /* HealthNews.app */;
			productType = "com.apple.product-type.application";
		};
/* End PBXNativeTarget section */

/* Begin PBXProject section */
		F3A3DE5E1AE09EDE008F92B7 /* Project object */ = {
			isa = PBXProject;
			attributes = {
				LastUpgradeCheck = 0630;
				ORGANIZATIONNAME = yushengyang;
				TargetAttributes = {
					F3A3DE651AE09EDE008F92B7 = {
						CreatedOnToolsVersion = 6.3;
					};
				};
			};
			buildConfigurationList = F3A3DE611AE09EDE008F92B7 /* Build configuration list for PBXProject "HealthNews" */;
			compatibilityVersion = "Xcode 3.2";
			developmentRegion = English;
			hasScannedForEncodings = 0;
			knownRegions = (
				en,
				Base,
			);
			mainGroup = F3A3DE5D1AE09EDE008F92B7;
			productRefGroup = F3A3DE671AE09EDE008F92B7 /* Products */;
			projectDirPath = "";
			projectRoot = "";
			targets = (
				F3A3DE651AE09EDE008F92B7 /* HealthNews */,
			);
		};
/* End PBXProject section */

/* Begin PBXResourcesBuildPhase section */
		F3A3DE641AE09EDE008F92B7 /* Resources */ = {
			isa = PBXResourcesBuildPhase;
			buildActionMask = 2147483647;
			files = (
				F371920B1AF1FF5B00FAC85A /* 心里健康@2x.png in Resources */,
				F371920D1AF1FF5B00FAC85A /* 私密生活@2x.png in Resources */,
				F3A3DEF71AE0D9D8008F92B7 /* Default@2x.png in Resources */,
				F3A3DEBE1AE0AB01008F92B7 /* tb_me_normal@2x.png in Resources */,
				F3A3DEF51AE0D9D8008F92B7 /* Default-568h@2x.png in Resources */,
				F3A3DEDF1AE0B76A008F92B7 /* navi_back_highlighted@2x.png in Resources */,
				F3C2E4B51AEE2A4000DF848B /* NTESAW_banner_default@2x.png in Resources */,
				F371920A1AF1FF5B00FAC85A /* 孩子健康@2x.png in Resources */,
				F3A3DEE01AE0B76A008F92B7 /* navi_background@2x.png in Resources */,
				F3A3DEE11AE0B76A008F92B7 /* bobo_navi_back_highlighted@2x.png in Resources */,
				F3A3DE9A1AE0A5D4008F92B7 /* Icon.png in Resources */,
				F3A3DE9D1AE0A5D4008F92B7 /* Icon_120x120.png in Resources */,
				F369D6A01AFCC10A004EF41F /* avatar.png in Resources */,
				F3A3DEE31AE0B76A008F92B7 /* night_navi_back@2x.png in Resources */,
				F37192081AF1FF5B00FAC85A /* 女性保养@2x.png in Resources */,
				F37192061AF1FF5B00FAC85A /* 四季养生@2x.png in Resources */,
				F3A57CF01AE7864E008AA4CB /* hc_cell_icon@2x.png in Resources */,
				F3A3DEBC1AE0AB01008F92B7 /* tb_news_normal@2x.png in Resources */,
				F371920F1AF1FF5B00FAC85A /* 育儿宝典@2x.png in Resources */,
				F3C2E4B21AEDE6CD00DF848B /* helight.png in Resources */,
				F3A3DEDE1AE0B76A008F92B7 /* night_navi_back_highlighted@2x.png in Resources */,
				F3A3DE771AE09EDE008F92B7 /* Images.xcassets in Resources */,
				F3A3DEDC1AE0B76A008F92B7 /* navi_back@2x.png in Resources */,
				F3C2E4B31AEDE6CD00DF848B /* normal.png in Resources */,
				F369D6A31AFCC10A004EF41F /* Clouds@3x.png in Resources */,
				F3A3DEFF1AE0DCEC008F92B7 /* tb_selected_background@2x.png in Resources */,
				F3A3DEBF1AE0AB01008F92B7 /* tb_news_highlight@2x.png in Resources */,
				F3A3DEF61AE0D9D8008F92B7 /* Default.png in Resources */,
				F371920E1AF1FF5B00FAC85A /* 老人健康@2x.png in Resources */,
				F3A3DE9B1AE0A5D4008F92B7 /* Icon72.png in Resources */,
				F37192051AF1FF5B00FAC85A /* 医疗护理@2x.png in Resources */,
				F3A3DEBD1AE0AB01008F92B7 /* tb_found_highlight@2x.png in Resources */,
				F369D6A11AFCC10A004EF41F /* Clouds.png in Resources */,
				F3A3DEFE1AE0DCEC008F92B7 /* tb_normal_background@2x.png in Resources */,
				F37192031AF1FF5B00FAC85A /* 健康饮食@2x.png in Resources */,
				F3A3DEB81AE0AB01008F92B7 /* tb_me_highlight@2x.png in Resources */,
				F37192041AF1FF5B00FAC85A /* 减肥瘦身@2x.png in Resources */,
				F37192071AF1FF5B00FAC85A /* 夫妻情感@2x.png in Resources */,
				F3A3DEBB1AE0AB01008F92B7 /* tb_reader_normal@2x.png in Resources */,
				F3B114AC1AF0E28900E71AEF /* cell_dotline@2x.png in Resources */,
				F37192091AF1FF5B00FAC85A /* 孕婴手册@2x.png in Resources */,
				F3A3DEE21AE0B76A008F92B7 /* navi_background_88@2x.png in Resources */,
				F37191F41AF1FD0900FAC85A /* header_arrow@2x.png in Resources */,
				F3A3DEDD1AE0B76A008F92B7 /* night_bobo_navi_back_highlighted@2x.png in Resources */,
				F371920C1AF1FF5B00FAC85A /* 男性健康@2x.png in Resources */,
				F3AFD64E1AE8D4C700060172 /* refresh_sphere@2x.png in Resources */,
				F3A3DEB91AE0AB01008F92B7 /* tb_reader_highlight@2x.png in Resources */,
				F369D6A21AFCC10A004EF41F /* Clouds@2x.png in Resources */,
				F3A3DEBA1AE0AB01008F92B7 /* tb_found_normal@2x.png in Resources */,
				F3AFD64D1AE8D4C700060172 /* refresh_circle@2x.png in Resources */,
				F3A3DE9C1AE0A5D4008F92B7 /* Icon@2x.png in Resources */,
			);
			runOnlyForDeploymentPostprocessing = 0;
		};
/* End PBXResourcesBuildPhase section */

/* Begin PBXShellScriptBuildPhase section */
		5D1677B0804794B10343C9D1 /* Copy Pods Resources */ = {
			isa = PBXShellScriptBuildPhase;
			buildActionMask = 2147483647;
			files = (
			);
			inputPaths = (
			);
			name = "Copy Pods Resources";
			outputPaths = (
			);
			runOnlyForDeploymentPostprocessing = 0;
			shellPath = /bin/sh;
			shellScript = "\"${SRCROOT}/Pods/Target Support Files/Pods/Pods-resources.sh\"\n";
			showEnvVarsInLog = 0;
		};
		E5C16B826447AB440A5B2C88 /* Check Pods Manifest.lock */ = {
			isa = PBXShellScriptBuildPhase;
			buildActionMask = 2147483647;
			files = (
			);
			inputPaths = (
			);
			name = "Check Pods Manifest.lock";
			outputPaths = (
			);
			runOnlyForDeploymentPostprocessing = 0;
			shellPath = /bin/sh;
			shellScript = "diff \"${PODS_ROOT}/../Podfile.lock\" \"${PODS_ROOT}/Manifest.lock\" > /dev/null\nif [[ $? != 0 ]] ; then\n    cat << EOM\nerror: The sandbox is not in sync with the Podfile.lock. Run 'pod install' or update your CocoaPods installation.\nEOM\n    exit 1\nfi\n";
			showEnvVarsInLog = 0;
		};
/* End PBXShellScriptBuildPhase section */

/* Begin PBXSourcesBuildPhase section */
		F3A3DE621AE09EDE008F92B7 /* Sources */ = {
			isa = PBXSourcesBuildPhase;
			buildActionMask = 2147483647;
			files = (
				F3A3DF051AE0E1A5008F92B7 /* FoodViewController.m in Sources */,
				F3A3DF261AE103A4008F92B7 /* AFInterfaceAPIExcute.m in Sources */,
				F3B114A71AF087BA00E71AEF /* DVSwitch.m in Sources */,
				F3A57CEA1AE78018008AA4CB /* HomeCell.m in Sources */,
				F369D69A1AFCBEDE004EF41F /* UleSectionHeaderView.m in Sources */,
				F369D6971AFCB87F004EF41F /* UleScrollView.m in Sources */,
				F3A3DF1E1AE102E0008F92B7 /* NSArray+JSON.m in Sources */,
				F3A3DF081AE0E1B1008F92B7 /* UserViewController.m in Sources */,
				F3A3DE6F1AE09EDE008F92B7 /* AppDelegate.m in Sources */,
				F37192121AF204BD00FAC85A /* DetailReadViewController.m in Sources */,
				F37A847A1AFC948B00BEFD98 /* UIViewController+UleHiddenNavi.m in Sources */,
				F3A3DF0E1AE0ECDC008F92B7 /* RefreshTableView.m in Sources */,
				F3A3DEC21AE0B5B1008F92B7 /* BaseViewController.m in Sources */,
				F3A3DF311AE10E71008F92B7 /* DetailNewsViewController.m in Sources */,
				F37A847B1AFC948B00BEFD98 /* UleHiddenForScroller.m in Sources */,
				F37192151AF2329600FAC85A /* FoodListViewController.m in Sources */,
				F3B114AA1AF0880000E71AEF /* NSString+HXAddtions.m in Sources */,
				F369D6941AFCB77F004EF41F /* UIScrollView+TwitterCover.m in Sources */,
				F3A3DF021AE0E197008F92B7 /* ReadViewController.m in Sources */,
				F3AFD65E1AE8FC2400060172 /* ScrollPageView.m in Sources */,
				F37192181AF232A800FAC85A /* FoodDetailViewController.m in Sources */,
				F3A3DEEF1AE0D8F2008F92B7 /* NNPNavigation.m in Sources */,
				F3A3DF0B1AE0E4D1008F92B7 /* BaseTableViewController.m in Sources */,
				F3AFD6581AE8FB5900060172 /* SGFocusImageItem.m in Sources */,
				F3A3DF111AE0F267008F92B7 /* ULETablePage.m in Sources */,
				F3A57CF31AE788AD008AA4CB /* UIColor+ColorUtility.m in Sources */,
				F3A3DF1F1AE102E0008F92B7 /* NSDictionary+JSON.m in Sources */,
				F3A3DEEC1AE0D6D4008F92B7 /* CustomerNaviVC.m in Sources */,
				F3A3DF201AE102E0008F92B7 /* NSObject+JSON.m in Sources */,
				F3AFD6521AE8F98900060172 /* MenuHrizontal.m in Sources */,
				F3A3DF291AE10441008F92B7 /* BaseResponse.m in Sources */,
				F3C2E4AF1AEDDD1200DF848B /* SPTableView.m in Sources */,
				F3A3DE6C1AE09EDE008F92B7 /* main.m in Sources */,
				F3A3DEE91AE0D61B008F92B7 /* HomeViewController.m in Sources */,
				F3A3DF151AE0FE2C008F92B7 /* AFRequestManager.m in Sources */,
				F3A3DEE61AE0D589008F92B7 /* CustomerTabBarVC.m in Sources */,
				F37A84791AFC948B00BEFD98 /* JRSwizzle.m in Sources */,
				F3AFD6571AE8FB5900060172 /* SGFocusImageFrame.m in Sources */,
			);
			runOnlyForDeploymentPostprocessing = 0;
		};
/* End PBXSourcesBuildPhase section */

/* Begin XCBuildConfiguration section */
		F3A3DE871AE09EDE008F92B7 /* Debug */ = {
			isa = XCBuildConfiguration;
			buildSettings = {
				ALWAYS_SEARCH_USER_PATHS = NO;
				CLANG_CXX_LANGUAGE_STANDARD = "gnu++0x";
				CLANG_CXX_LIBRARY = "libc++";
				CLANG_ENABLE_MODULES = YES;
				CLANG_ENABLE_OBJC_ARC = YES;
				CLANG_WARN_BOOL_CONVERSION = YES;
				CLANG_WARN_CONSTANT_CONVERSION = YES;
				CLANG_WARN_DIRECT_OBJC_ISA_USAGE = YES_ERROR;
				CLANG_WARN_EMPTY_BODY = YES;
				CLANG_WARN_ENUM_CONVERSION = YES;
				CLANG_WARN_INT_CONVERSION = YES;
				CLANG_WARN_OBJC_ROOT_CLASS = YES_ERROR;
				CLANG_WARN_UNREACHABLE_CODE = YES;
				CLANG_WARN__DUPLICATE_METHOD_MATCH = YES;
				"CODE_SIGN_IDENTITY[sdk=iphoneos*]" = "iPhone Developer";
				COPY_PHASE_STRIP = NO;
				DEBUG_INFORMATION_FORMAT = "dwarf-with-dsym";
				ENABLE_STRICT_OBJC_MSGSEND = YES;
				GCC_C_LANGUAGE_STANDARD = gnu99;
				GCC_DYNAMIC_NO_PIC = NO;
				GCC_NO_COMMON_BLOCKS = YES;
				GCC_OPTIMIZATION_LEVEL = 0;
				GCC_PREPROCESSOR_DEFINITIONS = (
					"DEBUG=1",
					"$(inherited)",
				);
				GCC_SYMBOLS_PRIVATE_EXTERN = NO;
				GCC_WARN_64_TO_32_BIT_CONVERSION = YES;
				GCC_WARN_ABOUT_RETURN_TYPE = YES_ERROR;
				GCC_WARN_UNDECLARED_SELECTOR = YES;
				GCC_WARN_UNINITIALIZED_AUTOS = YES_AGGRESSIVE;
				GCC_WARN_UNUSED_FUNCTION = YES;
				GCC_WARN_UNUSED_VARIABLE = YES;
				IPHONEOS_DEPLOYMENT_TARGET = 6.0;
				MTL_ENABLE_DEBUG_INFO = YES;
				ONLY_ACTIVE_ARCH = YES;
				SDKROOT = iphoneos;
			};
			name = Debug;
		};
		F3A3DE881AE09EDE008F92B7 /* Release */ = {
			isa = XCBuildConfiguration;
			buildSettings = {
				ALWAYS_SEARCH_USER_PATHS = NO;
				CLANG_CXX_LANGUAGE_STANDARD = "gnu++0x";
				CLANG_CXX_LIBRARY = "libc++";
				CLANG_ENABLE_MODULES = YES;
				CLANG_ENABLE_OBJC_ARC = YES;
				CLANG_WARN_BOOL_CONVERSION = YES;
				CLANG_WARN_CONSTANT_CONVERSION = YES;
				CLANG_WARN_DIRECT_OBJC_ISA_USAGE = YES_ERROR;
				CLANG_WARN_EMPTY_BODY = YES;
				CLANG_WARN_ENUM_CONVERSION = YES;
				CLANG_WARN_INT_CONVERSION = YES;
				CLANG_WARN_OBJC_ROOT_CLASS = YES_ERROR;
				CLANG_WARN_UNREACHABLE_CODE = YES;
				CLANG_WARN__DUPLICATE_METHOD_MATCH = YES;
				"CODE_SIGN_IDENTITY[sdk=iphoneos*]" = "iPhone Developer";
				COPY_PHASE_STRIP = NO;
				DEBUG_INFORMATION_FORMAT = "dwarf-with-dsym";
				ENABLE_NS_ASSERTIONS = NO;
				ENABLE_STRICT_OBJC_MSGSEND = YES;
				GCC_C_LANGUAGE_STANDARD = gnu99;
				GCC_NO_COMMON_BLOCKS = YES;
				GCC_WARN_64_TO_32_BIT_CONVERSION = YES;
				GCC_WARN_ABOUT_RETURN_TYPE = YES_ERROR;
				GCC_WARN_UNDECLARED_SELECTOR = YES;
				GCC_WARN_UNINITIALIZED_AUTOS = YES_AGGRESSIVE;
				GCC_WARN_UNUSED_FUNCTION = YES;
				GCC_WARN_UNUSED_VARIABLE = YES;
				IPHONEOS_DEPLOYMENT_TARGET = 6.0;
				MTL_ENABLE_DEBUG_INFO = NO;
				SDKROOT = iphoneos;
				VALIDATE_PRODUCT = YES;
			};
			name = Release;
		};
		F3A3DE8A1AE09EDE008F92B7 /* Debug */ = {
			isa = XCBuildConfiguration;
			baseConfigurationReference = 28A0C76551DBB3C720D61BAD /* Pods.debug.xcconfig */;
			buildSettings = {
				ASSETCATALOG_COMPILER_APPICON_NAME = AppIcon;
				GCC_PREFIX_HEADER = "HealthNews/HealthNews-Prefix.pch";
				INFOPLIST_FILE = HealthNews/Info.plist;
				IPHONEOS_DEPLOYMENT_TARGET = 6.0;
				LD_RUNPATH_SEARCH_PATHS = "$(inherited) @executable_path/Frameworks";
				PRODUCT_NAME = "$(TARGET_NAME)";
			};
			name = Debug;
		};
		F3A3DE8B1AE09EDE008F92B7 /* Release */ = {
			isa = XCBuildConfiguration;
			baseConfigurationReference = CBD208970153BFADF14573F5 /* Pods.release.xcconfig */;
			buildSettings = {
				ASSETCATALOG_COMPILER_APPICON_NAME = AppIcon;
				GCC_PREFIX_HEADER = "HealthNews/HealthNews-Prefix.pch";
				INFOPLIST_FILE = HealthNews/Info.plist;
				IPHONEOS_DEPLOYMENT_TARGET = 6.0;
				LD_RUNPATH_SEARCH_PATHS = "$(inherited) @executable_path/Frameworks";
				PRODUCT_NAME = "$(TARGET_NAME)";
			};
			name = Release;
		};
/* End XCBuildConfiguration section */

/* Begin XCConfigurationList section */
		F3A3DE611AE09EDE008F92B7 /* Build configuration list for PBXProject "HealthNews" */ = {
			isa = XCConfigurationList;
			buildConfigurations = (
				F3A3DE871AE09EDE008F92B7 /* Debug */,
				F3A3DE881AE09EDE008F92B7 /* Release */,
			);
			defaultConfigurationIsVisible = 0;
			defaultConfigurationName = Release;
		};
		F3A3DE891AE09EDE008F92B7 /* Build configuration list for PBXNativeTarget "HealthNews" */ = {
			isa = XCConfigurationList;
			buildConfigurations = (
				F3A3DE8A1AE09EDE008F92B7 /* Debug */,
				F3A3DE8B1AE09EDE008F92B7 /* Release */,
			);
			defaultConfigurationIsVisible = 0;
			defaultConfigurationName = Release;
		};
/* End XCConfigurationList section */
	};
	rootObject = F3A3DE5E1AE09EDE008F92B7 /* Project object */;
}
